// !$*UTF8*$!
{
	archiveVersion = 1;
	classes = {
	};
	objectVersion = 46;
	objects = {

/* Begin PBXBuildFile section */
		FB755C0B1E656B2200962DB8 /* main.m in Sources */ = {isa = PBXBuildFile; fileRef = FB755C0A1E656B2200962DB8 /* main.m */; };
		FB755C0E1E656B2200962DB8 /* AppDelegate.m in Sources */ = {isa = PBXBuildFile; fileRef = FB755C0D1E656B2200962DB8 /* AppDelegate.m */; };
		FB755C111E656B2200962DB8 /* ViewController.m in Sources */ = {isa = PBXBuildFile; fileRef = FB755C101E656B2200962DB8 /* ViewController.m */; };
		FB755C141E656B2200962DB8 /* Main.storyboard in Resources */ = {isa = PBXBuildFile; fileRef = FB755C121E656B2200962DB8 /* Main.storyboard */; };
		FB755C161E656B2200962DB8 /* Assets.xcassets in Resources */ = {isa = PBXBuildFile; fileRef = FB755C151E656B2200962DB8 /* Assets.xcassets */; };
		FB755C191E656B2200962DB8 /* LaunchScreen.storyboard in Resources */ = {isa = PBXBuildFile; fileRef = FB755C171E656B2200962DB8 /* LaunchScreen.storyboard */; };
		FB755C261E6584EB00962DB8 /* Address.plist in Resources */ = {isa = PBXBuildFile; fileRef = FB755C251E6584EB00962DB8 /* Address.plist */; };
/* End PBXBuildFile section */

/* Begin PBXFileReference section */
		FB755C061E656B2200962DB8 /* 城市键盘.app */ = {isa = PBXFileReference; explicitFileType = wrapper.application; includeInIndex = 0; path = "城市键盘.app"; sourceTree = BUILT_PRODUCTS_DIR; };
		FB755C0A1E656B2200962DB8 /* main.m */ = {isa = PBXFileReference; lastKnownFileType = sourcecode.c.objc; path = main.m; sourceTree = "<group>"; };
		FB755C0C1E656B2200962DB8 /* AppDelegate.h */ = {isa = PBXFileReference; lastKnownFileType = sourcecode.c.h; path = AppDelegate.h; sourceTree = "<group>"; };
		FB755C0D1E656B2200962DB8 /* AppDelegate.m */ = {isa = PBXFileReference; lastKnownFileType = sourcecode.c.objc; path = AppDelegate.m; sourceTree = "<group>"; };
		FB755C0F1E656B2200962DB8 /* ViewController.h */ = {isa = PBXFileReference; lastKnownFileType = sourcecode.c.h; path = ViewController.h; sourceTree = "<group>"; };
		FB755C101E656B2200962DB8 /* ViewController.m */ = {isa = PBXFileReference; lastKnownFileType = sourcecode.c.objc; path = ViewController.m; sourceTree = "<group>"; };
		FB755C131E656B2200962DB8 /* Base */ = {isa = PBXFileReference; lastKnownFileType = file.storyboard; name = Base; path = Base.lproj/Main.storyboard; sourceTree = "<group>"; };
		FB755C151E656B2200962DB8 /* Assets.xcassets */ = {isa = PBXFileReference; lastKnownFileType = folder.assetcatalog; path = Assets.xcassets; sourceTree = "<group>"; };
		FB755C181E656B2200962DB8 /* Base */ = {isa = PBXFileReference; lastKnownFileType = file.storyboard; name = Base; path = Base.lproj/LaunchScreen.storyboard; sourceTree = "<group>"; };
		FB755C1A1E656B2200962DB8 /* Info.plist */ = {isa = PBXFileReference; lastKnownFileType = text.plist.xml; path = Info.plist; sourceTree = "<group>"; };
		FB755C251E6584EB00962DB8 /* Address.plist */ = {isa = PBXFileReference; fileEncoding = 4; lastKnownFileType = text.plist.xml; path = Address.plist; sourceTree = "<group>"; };
/* End PBXFileReference section */

/* Begin PBXFrameworksBuildPhase section */
		FB755C031E656B2200962DB8 /* Frameworks */ = {
			isa = PBXFrameworksBuildPhase;
			buildActionMask = 2147483647;
			files = (
			);
			runOnlyForDeploymentPostprocessing = 0;
		};
/* End PBXFrameworksBuildPhase section */

/* Begin PBXGroup section */
		FB755BFD1E656B2200962DB8 = {
			isa = PBXGroup;
			children = (
				FB755C081E656B2200962DB8 /* 城市键盘 */,
				FB755C071E656B2200962DB8 /* Products */,
			);
			sourceTree = "<group>";
		};
		FB755C071E656B2200962DB8 /* Products */ = {
			isa = PBXGroup;
			children = (
				FB755C061E656B2200962DB8 /* 城市键盘.app */,
			);
			name = Products;
			sourceTree = "<group>";
		};
		FB755C081E656B2200962DB8 /* 城市键盘 */ = {
			isa = PBXGroup;
			children = (
				FB755C251E6584EB00962DB8 /* Address.plist */,
				FB755C0C1E656B2200962DB8 /* AppDelegate.h */,
				FB755C0D1E656B2200962DB8 /* AppDelegate.m */,
				FB755C0F1E656B2200962DB8 /* ViewController.h */,
				FB755C101E656B2200962DB8 /* ViewController.m */,
				FB755C121E656B2200962DB8 /* Main.storyboard */,
				FB755C151E656B2200962DB8 /* Assets.xcassets */,
				FB755C171E656B2200962DB8 /* LaunchScreen.storyboard */,
				FB755C1A1E656B2200962DB8 /* Info.plist */,
				FB755C091E656B2200962DB8 /* Supporting Files */,
			);
			path = "城市键盘";
			sourceTree = "<group>";
		};
		FB755C091E656B2200962DB8 /* Supporting Files */ = {
			isa = PBXGroup;
			children = (
				FB755C0A1E656B2200962DB8 /* main.m */,
			);
			name = "Supporting Files";
			sourceTree = "<group>";
		};
/* End PBXGroup section */

/* Begin PBXNativeTarget section */
		FB755C051E656B2200962DB8 /* 城市键盘 */ = {
			isa = PBXNativeTarget;
			buildConfigurationList = FB755C1D1E656B2200962DB8 /* Build configuration list for PBXNativeTarget "城市键盘" */;
			buildPhases = (
				FB755C021E656B2200962DB8 /* Sources */,
				FB755C031E656B2200962DB8 /* Frameworks */,
				FB755C041E656B2200962DB8 /* Resources */,
			);
			buildRules = (
			);
			dependencies = (
			);
			name = "城市键盘";
			productName = "城市键盘";
			productReference = FB755C061E656B2200962DB8 /* 城市键盘.app */;
			productType = "com.apple.product-type.application";
		};
/* End PBXNativeTarget section */

/* Begin PBXProject section */
		FB755BFE1E656B2200962DB8 /* Project object */ = {
			isa = PBXProject;
			attributes = {
				LastUpgradeCheck = 0820;
				ORGANIZATIONNAME = liwenquan;
				TargetAttributes = {
					FB755C051E656B2200962DB8 = {
						CreatedOnToolsVersion = 8.2.1;
						DevelopmentTeam = 2V443T93A8;
						ProvisioningStyle = Automatic;
					};
				};
			};
			buildConfigurationList = FB755C011E656B2200962DB8 /* Build configuration list for PBXProject "城市键盘" */;
			compatibilityVersion = "Xcode 3.2";
			developmentRegion = English;
			hasScannedForEncodings = 0;
			knownRegions = (
				en,
				Base,
			);
			mainGroup = FB755BFD1E656B2200962DB8;
			productRefGroup = FB755C071E656B2200962DB8 /* Products */;
			projectDirPath = "";
			projectRoot = "";
			targets = (
				FB755C051E656B2200962DB8 /* 城市键盘 */,
			);
		};
/* End PBXProject section */

/* Begin PBXResourcesBuildPhase section */
		FB755C041E656B2200962DB8 /* Resources */ = {
			isa = PBXResourcesBuildPhase;
			buildActionMask = 2147483647;
			files = (
				FB755C191E656B2200962DB8 /* LaunchScreen.storyboard in Resources */,
				FB755C261E6584EB00962DB8 /* Address.plist in Resources */,
				FB755C161E656B2200962DB8 /* Assets.xcassets in Resources */,
				FB755C141E656B2200962DB8 /* Main.storyboard in Resources */,
			);
			runOnlyForDeploymentPostprocessing = 0;
		};
/* End PBXResourcesBuildPhase section */

/* Begin PBXSourcesBuildPhase section */
		FB755C021E656B2200962DB8 /* Sources */ = {
			isa = PBXSourcesBuildPhase;
			buildActionMask = 2147483647;
			files = (
				FB755C111E656B2200962DB8 /* ViewController.m in Sources */,
				FB755C0E1E656B2200962DB8 /* AppDelegate.m in Sources */,
				FB755C0B1E656B2200962DB8 /* main.m in Sources */,
			);
			runOnlyForDeploymentPostprocessing = 0;
		};
/* End PBXSourcesBuildPhase section */

/* Begin PBXVariantGroup section */
		FB755C121E656B2200962DB8 /* Main.storyboard */ = {
			isa = PBXVariantGroup;
			children = (
				FB755C131E656B2200962DB8 /* Base */,
			);
			name = Main.storyboard;
			sourceTree = "<group>";
		};
		FB755C171E656B2200962DB8 /* LaunchScreen.storyboard */ = {
			isa = PBXVariantGroup;
			children = (
				FB755C181E656B2200962DB8 /* Base */,
			);
			name = LaunchScreen.storyboard;
			sourceTree = "<group>";
		};
/* End PBXVariantGroup section */

/* Begin XCBuildConfiguration section */
		FB755C1B1E656B2200962DB8 /* Debug */ = {
			isa = XCBuildConfiguration;
			buildSettings = {
				ALWAYS_SEARCH_USER_PATHS = NO;
				CLANG_ANALYZER_NONNULL = YES;
				CLANG_CXX_LANGUAGE_STANDARD = "gnu++0x";
				CLANG_CXX_LIBRARY = "libc++";
				CLANG_ENABLE_MODULES = YES;
				CLANG_ENABLE_OBJC_ARC = YES;
				CLANG_WARN_BOOL_CONVERSION = YES;
				CLANG_WARN_CONSTANT_CONVERSION = YES;
				CLANG_WARN_DIRECT_OBJC_ISA_USAGE = YES_ERROR;
				CLANG_WARN_DOCUMENTATION_COMMENTS = YES;
				CLANG_WARN_EMPTY_BODY = YES;
				CLANG_WARN_ENUM_CONVERSION = YES;
				CLANG_WARN_INFINITE_RECURSION = YES;
				CLANG_WARN_INT_CONVERSION = YES;
				CLANG_WARN_OBJC_ROOT_CLASS = YES_ERROR;
				CLANG_WARN_SUSPICIOUS_MOVE = YES;
				CLANG_WARN_UNREACHABLE_CODE = YES;
				CLANG_WARN__DUPLICATE_METHOD_MATCH = YES;
				"CODE_SIGN_IDENTITY[sdk=iphoneos*]" = "iPhone Developer";
				COPY_PHASE_STRIP = NO;
				DEBUG_INFORMATION_FORMAT = dwarf;
				ENABLE_STRICT_OBJC_MSGSEND = YES;
				ENABLE_TESTABILITY = YES;
				GCC_C_LANGUAGE_STANDARD = gnu99;
				GCC_DYNAMIC_NO_PIC = NO;
				GCC_NO_COMMON_BLOCKS = YES;
				GCC_OPTIMIZATION_LEVEL = 0;
				GCC_PREPROCESSOR_DEFINITIONS = (
					"DEBUG=1",
					"$(inherited)",
				);
				GCC_WARN_64_TO_32_BIT_CONVERSION = YES;
				GCC_WARN_ABOUT_RETURN_TYPE = YES_ERROR;
				GCC_WARN_UNDECLARED_SELECTOR = YES;
				GCC_WARN_UNINITIALIZED_AUTOS = YES_AGGRESSIVE;
				GCC_WARN_UNUSED_FUNCTION = YES;
				GCC_WARN_UNUSED_VARIABLE = YES;
				IPHONEOS_DEPLOYMENT_TARGET = 10.2;
				MTL_ENABLE_DEBUG_INFO = YES;
				ONLY_ACTIVE_ARCH = YES;
				SDKROOT = iphoneos;
				TARGETED_DEVICE_FAMILY = "1,2";
			};
			name = Debug;
		};
		FB755C1C1E656B2200962DB8 /* Release */ = {
			isa = XCBuildConfiguration;
			buildSettings = {
				ALWAYS_SEARCH_USER_PATHS = NO;
				CLANG_ANALYZER_NONNULL = YES;
				CLANG_CXX_LANGUAGE_STANDARD = "gnu++0x";
				CLANG_CXX_LIBRARY = "libc++";
				CLANG_ENABLE_MODULES = YES;
				CLANG_ENABLE_OBJC_ARC = YES;
				CLANG_WARN_BOOL_CONVERSION = YES;
				CLANG_WARN_CONSTANT_CONVERSION = YES;
				CLANG_WARN_DIRECT_OBJC_ISA_USAGE = YES_ERROR;
				CLANG_WARN_DOCUMENTATION_COMMENTS = YES;
				CLANG_WARN_EMPTY_BODY = YES;
				CLANG_WARN_ENUM_CONVERSION = YES;
				CLANG_WARN_INFINITE_RECURSION = YES;
				CLANG_WARN_INT_CONVERSION = YES;
				CLANG_WARN_OBJC_ROOT_CLASS = YES_ERROR;
				CLANG_WARN_SUSPICIOUS_MOVE = YES;
				CLANG_WARN_UNREACHABLE_CODE = YES;
				CLANG_WARN__DUPLICATE_METHOD_MATCH = YES;
				"CODE_SIGN_IDENTITY[sdk=iphoneos*]" = "iPhone Developer";
				COPY_PHASE_STRIP = NO;
				DEBUG_INFORMATION_FORMAT = "dwarf-with-dsym";
				ENABLE_NS_ASSERTIONS = NO;
				ENABLE_STRICT_OBJC_MSGSEND = YES;
				GCC_C_LANGUAGE_STANDARD = gnu99;
				GCC_NO_COMMON_BLOCKS = YES;
				GCC_WARN_64_TO_32_BIT_CONVERSION = YES;
				GCC_WARN_ABOUT_RETURN_TYPE = YES_ERROR;
				GCC_WARN_UNDECLARED_SELECTOR = YES;
				GCC_WARN_UNINITIALIZED_AUTOS = YES_AGGRESSIVE;
				GCC_WARN_UNUSED_FUNCTION = YES;
				GCC_WARN_UNUSED_VARIABLE = YES;
				IPHONEOS_DEPLOYMENT_TARGET = 10.2;
				MTL_ENABLE_DEBUG_INFO = NO;
				SDKROOT = iphoneos;
				TARGETED_DEVICE_FAMILY = "1,2";
				VALIDATE_PRODUCT = YES;
			};
			name = Release;
		};
		FB755C1E1E656B2200962DB8 /* Debug */ = {
			isa = XCBuildConfiguration;
			buildSettings = {
				ASSETCATALOG_COMPILER_APPICON_NAME = AppIcon;
				DEVELOPMENT_TEAM = 2V443T93A8;
				INFOPLIST_FILE = "城市键盘/Info.plist";
				IPHONEOS_DEPLOYMENT_TARGET = 8.0;
				LD_RUNPATH_SEARCH_PATHS = "$(inherited) @executable_path/Frameworks";
				PRODUCT_BUNDLE_IDENTIFIER = "cn.alading.----";
				PRODUCT_NAME = "$(TARGET_NAME)";
			};
			name = Debug;
		};
		FB755C1F1E656B2200962DB8 /* Release */ = {
			isa = XCBuildConfiguration;
			buildSettings = {
				ASSETCATALOG_COMPILER_APPICON_NAME = AppIcon;
				DEVELOPMENT_TEAM = 2V443T93A8;
				INFOPLIST_FILE = "城市键盘/Info.plist";
				IPHONEOS_DEPLOYMENT_TARGET = 8.0;
				LD_RUNPATH_SEARCH_PATHS = "$(inherited) @executable_path/Frameworks";
				PRODUCT_BUNDLE_IDENTIFIER = "cn.alading.----";
				PRODUCT_NAME = "$(TARGET_NAME)";
			};
			name = Release;
		};
/* End XCBuildConfiguration section */

/* Begin XCConfigurationList section */
		FB755C011E656B2200962DB8 /* Build configuration list for PBXProject "城市键盘" */ = {
			isa = XCConfigurationList;
			buildConfigurations = (
				FB755C1B1E656B2200962DB8 /* Debug */,
				FB755C1C1E656B2200962DB8 /* Release */,
			);
			defaultConfigurationIsVisible = 0;
			defaultConfigurationName = Release;
		};
		FB755C1D1E656B2200962DB8 /* Build configuration list for PBXNativeTarget "城市键盘" */ = {
			isa = XCConfigurationList;
			buildConfigurations = (
				FB755C1E1E656B2200962DB8 /* Debug */,
				FB755C1F1E656B2200962DB8 /* Release */,
			);
			defaultConfigurationIsVisible = 0;
			defaultConfigurationName = Release;
		};
/* End XCConfigurationList section */
	};
	rootObject = FB755BFE1E656B2200962DB8 /* Project object */;
}
